
Microsoft Visual Studio Solution File, Format Version 12.00
# Visual Studio Version 16
VisualStudioVersion = 16.0.31911.196
MinimumVisualStudioVersion = 10.0.40219.1
Project("{8BC9CEB8-8B4A-11D0-8D11-00A0C91BC942}") = "PhoenixAPI", "PhoenixAPI\PhoenixAPI.vcxproj", "{E00B6134-115F-47D4-BC74-A94762C64321}"
EndProject
Global
	GlobalSection(SolutionConfigurationPlatforms) = preSolution
		Debug|x64 = Debug|x64
		Debug|x86 = Debug|x86
		Release|x64 = Release|x64
		Release|x86 = Release|x86
	EndGlobalSection
	GlobalSection(ProjectConfigurationPlatforms) = postSolution
		{E00B6134-115F-47D4-BC74-A94762C64321}.Debug|x64.ActiveCfg = Debug|x64
		{E00B6134-115F-47D4-BC74-A94762C64321}.Debug|x64.Build.0 = Debug|x64
		{E00B6134-115F-47D4-BC74-A94762C64321}.Debug|x86.ActiveCfg = Debug|Win32
		{E00B6134-115F-47D4-BC74-A94762C64321}.Debug|x86.Build.0 = Debug|Win32
		{E00B6134-115F-47D4-BC74-A94762C64321}.Release|x64.ActiveCfg = Release|x64
		{E00B6134-115F-47D4-BC74-A94762C64321}.Release|x64.Build.0 = Release|x64
		{E00B6134-115F-47D4-BC74-A94762C64321}.Release|x86.ActiveCfg = Release|Win32
		{E00B6134-115F-47D4-BC74-A94762C64321}.Release|x86.Build.0 = Release|Win32
	EndGlobalSection
	GlobalSection(SolutionProperties) = preSolution
		HideSolutionNode = FALSE
	EndGlobalSection
	GlobalSection(ExtensibilityGlobals) = postSolution
		SolutionGuid = {84D580D9-AA95-461E-A529-57BFD6BEE3C1}
	EndGlobalSection
EndGlobal
